
Microsoft Visual Studio Solution File, Format Version 12.00
# Visual Studio 15
VisualStudioVersion = 15.0.28010.2019
MinimumVisualStudioVersion = 10.0.40219.1
Project("{FAE04EC0-301F-11D3-BF4B-00C04F79EFBC}") = "ASM", "ASM\ASM.csproj", "{54E7D21B-52F3-4D43-9B26-DF6BD733D167}"
EndProject
Global
	GlobalSection(SolutionConfigurationPlatforms) = preSolution
		Debug|ARM = Debug|ARM
		Debug|x64 = Debug|x64
		Debug|x86 = Debug|x86
		Release|ARM = Release|ARM
		Release|x64 = Release|x64
		Release|x86 = Release|x86
	EndGlobalSection
	GlobalSection(ProjectConfigurationPlatforms) = postSolution
		{54E7D21B-52F3-4D43-9B26-DF6BD733D167}.Debug|ARM.ActiveCfg = Debug|ARM
		{54E7D21B-52F3-4D43-9B26-DF6BD733D167}.Debug|ARM.Build.0 = Debug|ARM
		{54E7D21B-52F3-4D43-9B26-DF6BD733D167}.Debug|ARM.Deploy.0 = Debug|ARM
		{54E7D21B-52F3-4D43-9B26-DF6BD733D167}.Debug|x64.ActiveCfg = Debug|x64
		{54E7D21B-52F3-4D43-9B26-DF6BD733D167}.Debug|x64.Build.0 = Debug|x64
		{54E7D21B-52F3-4D43-9B26-DF6BD733D167}.Debug|x64.Deploy.0 = Debug|x64
		{54E7D21B-52F3-4D43-9B26-DF6BD733D167}.Debug|x86.ActiveCfg = Debug|x86
		{54E7D21B-52F3-4D43-9B26-DF6BD733D167}.Debug|x86.Build.0 = Debug|x86
		{54E7D21B-52F3-4D43-9B26-DF6BD733D167}.Debug|x86.Deploy.0 = Debug|x86
		{54E7D21B-52F3-4D43-9B26-DF6BD733D167}.Release|ARM.ActiveCfg = Release|ARM
		{54E7D21B-52F3-4D43-9B26-DF6BD733D167}.Release|ARM.Build.0 = Release|ARM
		{54E7D21B-52F3-4D43-9B26-DF6BD733D167}.Release|ARM.Deploy.0 = Release|ARM
		{54E7D21B-52F3-4D43-9B26-DF6BD733D167}.Release|x64.ActiveCfg = Release|x64
		{54E7D21B-52F3-4D43-9B26-DF6BD733D167}.Release|x64.Build.0 = Release|x64
		{54E7D21B-52F3-4D43-9B26-DF6BD733D167}.Release|x64.Deploy.0 = Release|x64
		{54E7D21B-52F3-4D43-9B26-DF6BD733D167}.Release|x86.ActiveCfg = Release|x86
		{54E7D21B-52F3-4D43-9B26-DF6BD733D167}.Release|x86.Build.0 = Release|x86
		{54E7D21B-52F3-4D43-9B26-DF6BD733D167}.Release|x86.Deploy.0 = Release|x86
	EndGlobalSection
	GlobalSection(SolutionProperties) = preSolution
		HideSolutionNode = FALSE
	EndGlobalSection
	GlobalSection(ExtensibilityGlobals) = postSolution
		SolutionGuid = {DABFB8B3-2A51-418A-AE1F-45418332C02E}
	EndGlobalSection
EndGlobal
